
Microsoft Visual Studio Solution File, Format Version 12.00
# Visual Studio Version 16
VisualStudioVersion = 16.0.29519.181
MinimumVisualStudioVersion = 10.0.40219.1
Project("{FAE04EC0-301F-11D3-BF4B-00C04F79EFBC}") = "ReleaseCountdownAPI", "ReleaseCountdownAPI\ReleaseCountdownAPI.csproj", "{F013ABA2-DD0B-4AEF-9458-BE209EFD911D}"
EndProject
Global
	GlobalSection(SolutionConfigurationPlatforms) = preSolution
		Debug|Any CPU = Debug|Any CPU
		Release|Any CPU = Release|Any CPU
	EndGlobalSection
	GlobalSection(ProjectConfigurationPlatforms) = postSolution
		{F013ABA2-DD0B-4AEF-9458-BE209EFD911D}.Debug|Any CPU.ActiveCfg = Debug|Any CPU
		{F013ABA2-DD0B-4AEF-9458-BE209EFD911D}.Debug|Any CPU.Build.0 = Debug|Any CPU
		{F013ABA2-DD0B-4AEF-9458-BE209EFD911D}.Release|Any CPU.ActiveCfg = Release|Any CPU
		{F013ABA2-DD0B-4AEF-9458-BE209EFD911D}.Release|Any CPU.Build.0 = Release|Any CPU
	EndGlobalSection
	GlobalSection(SolutionProperties) = preSolution
		HideSolutionNode = FALSE
	EndGlobalSection
	GlobalSection(ExtensibilityGlobals) = postSolution
		SolutionGuid = {20E34A0B-8C96-4C27-835C-CF07530AB101}
	EndGlobalSection
EndGlobal
